<?xml version="1.0" encoding="utf-8"?>
<Project ToolsVersion="4.0" xmlns="http://schemas.microsoft.com/developer/msbuild/2003">
  <ItemGroup>
    <Filter Include="src">
      <UniqueIdentifier>{4FC737F1-C7A5-4376-A066-2A32D752A2FF}</UniqueIdentifier>
      <Extensions>cpp;c;cc;cxx;def;odl;idl;hpj;bat;asm;asmx</Extensions>
    </Filter>
    <Filter Include="src\Header Files">
      <UniqueIdentifier>{b0f0ec63-7b12-4789-bfb5-2a3fc489b717}</UniqueIdentifier>
    </Filter>
    <Filter Include="src\Source Files">
      <UniqueIdentifier>{d6324a9a-09e7-4ef3-9ac4-0e703804dc62}</UniqueIdentifier>
    </Filter>
    <Filter Include="src\Source Files\Rendering">
      <UniqueIdentifier>{a777a369-ac8e-4e52-8f7a-dc760706f13f}</UniqueIdentifier>
    </Filter>
    <Filter Include="src\Header Files\Rendering">
      <UniqueIdentifier>{750ddd9f-a1d0-4696-b66e-b41e780bc503}</UniqueIdentifier>
    </Filter>
    <Filter Include="src\Source Files\Shaders">
      <UniqueIdentifier>{2c0c126b-c071-43dd-a62a-5b6a5c7e791f}</UniqueIdentifier>
    </Filter>
    <Filter Include="src\Source Files\Scripts">
      <UniqueIdentifier>{88906d0b-4f7a-45bc-87de-76d61c1f47d0}</UniqueIdentifier>
    </Filter>
    <Filter Include="src\Source Files\Shaders\Vertex Shaders">
      <UniqueIdentifier>{6636cc56-290e-470f-b734-c0b37c9ab8ee}</UniqueIdentifier>
    </Filter>
    <Filter Include="src\Source Files\Shaders\Fragment Shaders">
      <UniqueIdentifier>{e0305b7b-c7d1-4779-9a36-a2b57404c64c}</UniqueIdentifier>
    </Filter>
    <Filter Include="src\Header Files\Utils">
      <UniqueIdentifier>{97ed85d1-2de4-4142-bb71-4fb2b808b068}</UniqueIdentifier>
    </Filter>
    <Filter Include="src\Source Files\Utils">
      <UniqueIdentifier>{acbe2f49-7bcd-4400-934d-d32c1ab52d3b}</UniqueIdentifier>
    </Filter>
    <Filter Include="src\Header Files\Scene">
      <UniqueIdentifier>{cf8306a1-05d0-410c-b0b5-4f3f86238fea}</UniqueIdentifier>
    </Filter>
    <Filter Include="src\Source Files\Scene">
      <UniqueIdentifier>{bc96f262-6ec4-45ff-91c6-565485c6d1a3}</UniqueIdentifier>
    </Filter>
    <Filter Include="src\Header Files\IO">
      <UniqueIdentifier>{5d630ec6-5ca3-4919-94bc-57bb0957f22d}</UniqueIdentifier>
    </Filter>
    <Filter Include="src\Source Files\IO">
      <UniqueIdentifier>{d656ab7a-a0d0-417b-8bc8-9c9593be65e5}</UniqueIdentifier>
    </Filter>
    <Filter Include="src\Header Files\Physics">
      <UniqueIdentifier>{7bda80d9-e01f-4b07-85aa-04a429d42956}</UniqueIdentifier>
    </Filter>
    <Filter Include="src\Source Files\Physics">
      <UniqueIdentifier>{fbd8147d-f594-4e11-8b97-f030b20c937f}</UniqueIdentifier>
    </Filter>
  </ItemGroup>
  <ItemGroup>
    <ClCompile Include="src\main.cpp">
      <Filter>src</Filter>
    </ClCompile>
    <ClCompile Include="src\EngineApplication.cpp">
      <Filter>src\Source Files</Filter>
    </ClCompile>
    <ClCompile Include="src\rendering\VulkanRenderer.cpp">
      <Filter>src\Source Files\Rendering</Filter>
    </ClCompile>
    <ClCompile Include="src\rendering\VulkanWindow.cpp">
      <Filter>src\Source Files\Rendering</Filter>
    </ClCompile>
    <ClCompile Include="src\rendering\VulkanQueue.cpp">
      <Filter>src\Source Files\Rendering</Filter>
    </ClCompile>
    <ClCompile Include="src\rendering\VulkanSwapChain.cpp">
      <Filter>src\Source Files\Rendering</Filter>
    </ClCompile>
    <ClCompile Include="src\rendering\VulkanShader.cpp">
      <Filter>src\Source Files\Rendering</Filter>
    </ClCompile>
    <ClCompile Include="src\rendering\Texture.cpp">
      <Filter>src\Source Files\Rendering</Filter>
    </ClCompile>
    <ClCompile Include="src\utils\Common.cpp">
      <Filter>src\Source Files\Utils</Filter>
    </ClCompile>
    <ClCompile Include="src\utils\VulkanValidationLayers.cpp">
      <Filter>src\Source Files\Utils</Filter>
    </ClCompile>
    <ClCompile Include="src\utils\ThreadPool.cpp">
      <Filter>src\Source Files\Utils</Filter>
    </ClCompile>
    <ClCompile Include="src\scene\SceneManager.cpp">
      <Filter>src\Source Files\Scene</Filter>
    </ClCompile>
    <ClCompile Include="src\io\IOHandler.cpp">
      <Filter>src\Source Files\IO</Filter>
    </ClCompile>
    <ClCompile Include="src\scene\MeshDataManager.cpp">
      <Filter>src\Source Files\Scene</Filter>
    </ClCompile>
    <ClCompile Include="src\physics\PhysicsManager.cpp">
      <Filter>src\Source Files\Physics</Filter>
    </ClCompile>
  </ItemGroup>
  <ItemGroup>
    <ClInclude Include="src\rendering\VulkanWindow.h">
      <Filter>src\Header Files\Rendering</Filter>
    </ClInclude>
    <ClInclude Include="src\EngineApplication.h">
      <Filter>src\Header Files</Filter>
    </ClInclude>
    <ClInclude Include="src\rendering\VulkanRenderer.h">
      <Filter>src\Header Files\Rendering</Filter>
    </ClInclude>
    <ClInclude Include="src\rendering\VulkanQueue.h">
      <Filter>src\Header Files\Rendering</Filter>
    </ClInclude>
    <ClInclude Include="src\rendering\VulkanSwapChain.h">
      <Filter>src\Header Files\Rendering</Filter>
    </ClInclude>
    <ClInclude Include="src\rendering\VulkanShader.h">
      <Filter>src\Header Files\Rendering</Filter>
    </ClInclude>
    <ClInclude Include="src\rendering\Texture.h">
      <Filter>src\Header Files\Rendering</Filter>
    </ClInclude>
    <ClInclude Include="src\utils\Common.h">
      <Filter>src\Header Files\Utils</Filter>
    </ClInclude>
    <ClInclude Include="src\utils\VulkanValidationLayers.h">
      <Filter>src\Header Files\Utils</Filter>
    </ClInclude>
    <ClInclude Include="src\utils\ThreadPool.h">
      <Filter>src\Header Files\Utils</Filter>
    </ClInclude>
    <ClInclude Include="src\scene\SceneManager.h">
      <Filter>src\Header Files\Scene</Filter>
    </ClInclude>
    <ClInclude Include="src\scene\Camera.h">
      <Filter>src\Header Files\Scene</Filter>
    </ClInclude>
    <ClInclude Include="src\io\IOHandler.h">
      <Filter>src\Header Files\IO</Filter>
    </ClInclude>
    <ClInclude Include="src\scene\MeshDataManager.h">
      <Filter>src\Header Files\Scene</Filter>
    </ClInclude>
    <ClInclude Include="src\physics\PhysicsManager.h">
      <Filter>src\Header Files\Physics</Filter>
    </ClInclude>
  </ItemGroup>
  <ItemGroup>
    <None Include="src\shaders\frag_mesh.frag">
      <Filter>src\Source Files\Shaders\Fragment Shaders</Filter>
    </None>
    <None Include="src\shaders\vert_mesh.vert">
      <Filter>src\Source Files\Shaders\Vertex Shaders</Filter>
    </None>
    <None Include="src\shaders\vert_shadow.vert">
      <Filter>src\Source Files\Shaders\Vertex Shaders</Filter>
    </None>
    <None Include="src\shaders\vert_deferred_geom.vert">
      <Filter>src\Source Files\Shaders\Vertex Shaders</Filter>
    </None>
    <None Include="src\shaders\frag_deferred_geom.frag">
      <Filter>src\Source Files\Shaders\Fragment Shaders</Filter>
    </None>
    <None Include="src\shaders\vert_deferred_lighting.vert">
      <Filter>src\Source Files\Shaders\Vertex Shaders</Filter>
    </None>
    <None Include="src\shaders\frag_deferred_lighting.frag">
      <Filter>src\Source Files\Shaders\Fragment Shaders</Filter>
    </None>
    <None Include="src\shaders\frag_post_grayscale.frag">
      <Filter>src\Source Files\Shaders\Fragment Shaders</Filter>
    </None>
  </ItemGroup>
  <ItemGroup>
    <CustomBuild Include="src\scripts\compileShaders.bat">
      <Filter>src\Source Files\Scripts</Filter>
    </CustomBuild>
  </ItemGroup>
</Project>