<?xml version="1.0" encoding="utf-8"?>
<Project ToolsVersion="4.0" xmlns="http://schemas.microsoft.com/developer/msbuild/2003">
  <ItemGroup>
    <Filter Include="src">
      <UniqueIdentifier>{4FC737F1-C7A5-4376-A066-2A32D752A2FF}</UniqueIdentifier>
      <Extensions>cpp;c;cc;cxx;def;odl;idl;hpj;bat;asm;asmx</Extensions>
    </Filter>
    <Filter Include="src\Header Files">
      <UniqueIdentifier>{b0f0ec63-7b12-4789-bfb5-2a3fc489b717}</UniqueIdentifier>
    </Filter>
    <Filter Include="src\Source Files">
      <UniqueIdentifier>{d6324a9a-09e7-4ef3-9ac4-0e703804dc62}</UniqueIdentifier>
    </Filter>
    <Filter Include="src\Source Files\Rendering">
      <UniqueIdentifier>{a777a369-ac8e-4e52-8f7a-dc760706f13f}</UniqueIdentifier>
    </Filter>
    <Filter Include="src\Header Files\Rendering">
      <UniqueIdentifier>{750ddd9f-a1d0-4696-b66e-b41e780bc503}</UniqueIdentifier>
    </Filter>
    <Filter Include="src\Source Files\Shaders">
      <UniqueIdentifier>{2c0c126b-c071-43dd-a62a-5b6a5c7e791f}</UniqueIdentifier>
    </Filter>
    <Filter Include="src\Source Files\Scripts">
      <UniqueIdentifier>{88906d0b-4f7a-45bc-87de-76d61c1f47d0}</UniqueIdentifier>
    </Filter>
    <Filter Include="src\Source Files\Shaders\Vertex Shaders">
      <UniqueIdentifier>{6636cc56-290e-470f-b734-c0b37c9ab8ee}</UniqueIdentifier>
    </Filter>
    <Filter Include="src\Source Files\Shaders\Fragment Shaders">
      <UniqueIdentifier>{e0305b7b-c7d1-4779-9a36-a2b57404c64c}</UniqueIdentifier>
    </Filter>
  </ItemGroup>
  <ItemGroup>
    <ClCompile Include="src\main.cpp">
      <Filter>src</Filter>
    </ClCompile>
    <ClCompile Include="src\EngineApplication.cpp">
      <Filter>src\Source Files</Filter>
    </ClCompile>
    <ClCompile Include="src\rendering\VulkanRenderer.cpp">
      <Filter>src\Source Files\Rendering</Filter>
    </ClCompile>
    <ClCompile Include="src\VulkanValidationLayers.cpp">
      <Filter>src\Source Files</Filter>
    </ClCompile>
    <ClCompile Include="src\rendering\VulkanWindow.cpp">
      <Filter>src\Source Files\Rendering</Filter>
    </ClCompile>
    <ClCompile Include="src\rendering\VulkanQueue.cpp">
      <Filter>src\Source Files\Rendering</Filter>
    </ClCompile>
    <ClCompile Include="src\rendering\VulkanSwapChain.cpp">
      <Filter>src\Source Files\Rendering</Filter>
    </ClCompile>
    <ClCompile Include="src\rendering\VulkanShader.cpp">
      <Filter>src\Source Files\Rendering</Filter>
    </ClCompile>
    <ClCompile Include="src\rendering\Mesh.cpp">
      <Filter>src\Source Files\Rendering</Filter>
    </ClCompile>
    <ClCompile Include="src\rendering\Texture.cpp">
      <Filter>src\Source Files\Rendering</Filter>
    </ClCompile>
  </ItemGroup>
  <ItemGroup>
    <ClInclude Include="src\rendering\VulkanWindow.h">
      <Filter>src\Header Files\Rendering</Filter>
    </ClInclude>
    <ClInclude Include="src\EngineApplication.h">
      <Filter>src\Header Files</Filter>
    </ClInclude>
    <ClInclude Include="src\rendering\VulkanRenderer.h">
      <Filter>src\Header Files\Rendering</Filter>
    </ClInclude>
    <ClInclude Include="src\VulkanValidationLayers.h">
      <Filter>src\Header Files</Filter>
    </ClInclude>
    <ClInclude Include="src\rendering\VulkanQueue.h">
      <Filter>src\Header Files\Rendering</Filter>
    </ClInclude>
    <ClInclude Include="src\rendering\VulkanSwapChain.h">
      <Filter>src\Header Files\Rendering</Filter>
    </ClInclude>
    <ClInclude Include="src\rendering\VulkanShader.h">
      <Filter>src\Header Files\Rendering</Filter>
    </ClInclude>
    <ClInclude Include="src\GlobalInfo.h">
      <Filter>src\Header Files</Filter>
    </ClInclude>
    <ClInclude Include="src\rendering\Mesh.h">
      <Filter>src\Header Files\Rendering</Filter>
    </ClInclude>
    <ClInclude Include="src\rendering\Texture.h">
      <Filter>src\Header Files\Rendering</Filter>
    </ClInclude>
  </ItemGroup>
  <ItemGroup>
    <None Include="src\shaders\vert_basic.vert">
      <Filter>src\Source Files\Shaders\Vertex Shaders</Filter>
    </None>
    <None Include="src\shaders\frag_basic.frag">
      <Filter>src\Source Files\Shaders\Fragment Shaders</Filter>
    </None>
  </ItemGroup>
  <ItemGroup>
    <CustomBuild Include="src\scripts\compileShaders.bat">
      <Filter>src\Source Files\Scripts</Filter>
    </CustomBuild>
  </ItemGroup>
</Project>